
Microsoft Visual Studio Solution File, Format Version 12.00
# Visual Studio Version 16
VisualStudioVersion = 16.0.29613.14
MinimumVisualStudioVersion = 10.0.40219.1
Project("{9A19103F-16F7-4668-BE54-9A1E7A4F7556}") = "Armku.Communication", "Armku.Communicatin\Armku.Communication.csproj", "{C5177BBA-78C2-4514-A812-0191FD932A28}"
EndProject
Global
	GlobalSection(SolutionConfigurationPlatforms) = preSolution
		Debug|Any CPU = Debug|Any CPU
		Release|Any CPU = Release|Any CPU
	EndGlobalSection
	GlobalSection(ProjectConfigurationPlatforms) = postSolution
		{C5177BBA-78C2-4514-A812-0191FD932A28}.Debug|Any CPU.ActiveCfg = Debug|Any CPU
		{C5177BBA-78C2-4514-A812-0191FD932A28}.Debug|Any CPU.Build.0 = Debug|Any CPU
		{C5177BBA-78C2-4514-A812-0191FD932A28}.Release|Any CPU.ActiveCfg = Release|Any CPU
		{C5177BBA-78C2-4514-A812-0191FD932A28}.Release|Any CPU.Build.0 = Release|Any CPU
	EndGlobalSection
	GlobalSection(SolutionProperties) = preSolution
		HideSolutionNode = FALSE
	EndGlobalSection
	GlobalSection(ExtensibilityGlobals) = postSolution
		SolutionGuid = {D1BEA383-A23B-408E-8887-89FF7E4F14B4}
	EndGlobalSection
EndGlobal
